// !$*UTF8*$!
{
	archiveVersion = 1;
	classes = {
	};
	objectVersion = 56;
	objects = {

/* Begin PBXBuildFile section */
		52018EE22A9648DE0034C399 /* AppDelegate.swift in Sources */ = {isa = PBXBuildFile; fileRef = 52018EE12A9648DE0034C399 /* AppDelegate.swift */; };
		52018EE42A9648DE0034C399 /* SceneDelegate.swift in Sources */ = {isa = PBXBuildFile; fileRef = 52018EE32A9648DE0034C399 /* SceneDelegate.swift */; };
		52018EE62A9648DE0034C399 /* ViewController.swift in Sources */ = {isa = PBXBuildFile; fileRef = 52018EE52A9648DE0034C399 /* ViewController.swift */; };
		52018EE92A9648DE0034C399 /* Main.storyboard in Resources */ = {isa = PBXBuildFile; fileRef = 52018EE72A9648DE0034C399 /* Main.storyboard */; };
		52018EEB2A9648E30034C399 /* Assets.xcassets in Resources */ = {isa = PBXBuildFile; fileRef = 52018EEA2A9648E30034C399 /* Assets.xcassets */; };
		52018EEE2A9648E30034C399 /* LaunchScreen.storyboard in Resources */ = {isa = PBXBuildFile; fileRef = 52018EEC2A9648E30034C399 /* LaunchScreen.storyboard */; };
		52018EF92A9648E30034C399 /* SimpleMVVMTests.swift in Sources */ = {isa = PBXBuildFile; fileRef = 52018EF82A9648E30034C399 /* SimpleMVVMTests.swift */; };
		52018F032A9648E30034C399 /* SimpleMVVMUITests.swift in Sources */ = {isa = PBXBuildFile; fileRef = 52018F022A9648E30034C399 /* SimpleMVVMUITests.swift */; };
		52018F052A9648E30034C399 /* SimpleMVVMUITestsLaunchTests.swift in Sources */ = {isa = PBXBuildFile; fileRef = 52018F042A9648E30034C399 /* SimpleMVVMUITestsLaunchTests.swift */; };
		52018F122A9649410034C399 /* RegistrationView.swift in Sources */ = {isa = PBXBuildFile; fileRef = 52018F112A9649410034C399 /* RegistrationView.swift */; };
		52018F182A9649A70034C399 /* RegistrationAvatarView.swift in Sources */ = {isa = PBXBuildFile; fileRef = 52018F142A9649A70034C399 /* RegistrationAvatarView.swift */; };
		52018F192A9649A70034C399 /* RegistrationInputView.swift in Sources */ = {isa = PBXBuildFile; fileRef = 52018F152A9649A70034C399 /* RegistrationInputView.swift */; };
		52018F1A2A9649A70034C399 /* CornerRadiusModifier.swift in Sources */ = {isa = PBXBuildFile; fileRef = 52018F162A9649A70034C399 /* CornerRadiusModifier.swift */; };
		52018F1B2A9649A70034C399 /* RegistrationSelectButton.swift in Sources */ = {isa = PBXBuildFile; fileRef = 52018F172A9649A70034C399 /* RegistrationSelectButton.swift */; };
		52018F1E2A9649DA0034C399 /* UIColorWellExtension.swift in Sources */ = {isa = PBXBuildFile; fileRef = 52018F1D2A9649DA0034C399 /* UIColorWellExtension.swift */; };
		52018F222A9649FC0034C399 /* Mock.swift in Sources */ = {isa = PBXBuildFile; fileRef = 52018F202A9649FB0034C399 /* Mock.swift */; };
		52018F232A9649FC0034C399 /* APIManager.swift in Sources */ = {isa = PBXBuildFile; fileRef = 52018F212A9649FB0034C399 /* APIManager.swift */; };
		52018F252A9656630034C399 /* RegistrationViewModel.swift in Sources */ = {isa = PBXBuildFile; fileRef = 52018F242A9656630034C399 /* RegistrationViewModel.swift */; };
/* End PBXBuildFile section */

/* Begin PBXContainerItemProxy section */
		52018EF52A9648E30034C399 /* PBXContainerItemProxy */ = {
			isa = PBXContainerItemProxy;
			containerPortal = 52018ED62A9648DE0034C399 /* Project object */;
			proxyType = 1;
			remoteGlobalIDString = 52018EDD2A9648DE0034C399;
			remoteInfo = SimpleMVVM;
		};
		52018EFF2A9648E30034C399 /* PBXContainerItemProxy */ = {
			isa = PBXContainerItemProxy;
			containerPortal = 52018ED62A9648DE0034C399 /* Project object */;
			proxyType = 1;
			remoteGlobalIDString = 52018EDD2A9648DE0034C399;
			remoteInfo = SimpleMVVM;
		};
/* End PBXContainerItemProxy section */

/* Begin PBXFileReference section */
		52018EDE2A9648DE0034C399 /* SimpleMVVM.app */ = {isa = PBXFileReference; explicitFileType = wrapper.application; includeInIndex = 0; path = SimpleMVVM.app; sourceTree = BUILT_PRODUCTS_DIR; };
		52018EE12A9648DE0034C399 /* AppDelegate.swift */ = {isa = PBXFileReference; lastKnownFileType = sourcecode.swift; path = AppDelegate.swift; sourceTree = "<group>"; };
		52018EE32A9648DE0034C399 /* SceneDelegate.swift */ = {isa = PBXFileReference; lastKnownFileType = sourcecode.swift; path = SceneDelegate.swift; sourceTree = "<group>"; };
		52018EE52A9648DE0034C399 /* ViewController.swift */ = {isa = PBXFileReference; lastKnownFileType = sourcecode.swift; path = ViewController.swift; sourceTree = "<group>"; };
		52018EE82A9648DE0034C399 /* Base */ = {isa = PBXFileReference; lastKnownFileType = file.storyboard; name = Base; path = Base.lproj/Main.storyboard; sourceTree = "<group>"; };
		52018EEA2A9648E30034C399 /* Assets.xcassets */ = {isa = PBXFileReference; lastKnownFileType = folder.assetcatalog; path = Assets.xcassets; sourceTree = "<group>"; };
		52018EED2A9648E30034C399 /* Base */ = {isa = PBXFileReference; lastKnownFileType = file.storyboard; name = Base; path = Base.lproj/LaunchScreen.storyboard; sourceTree = "<group>"; };
		52018EEF2A9648E30034C399 /* Info.plist */ = {isa = PBXFileReference; lastKnownFileType = text.plist.xml; path = Info.plist; sourceTree = "<group>"; };
		52018EF42A9648E30034C399 /* SimpleMVVMTests.xctest */ = {isa = PBXFileReference; explicitFileType = wrapper.cfbundle; includeInIndex = 0; path = SimpleMVVMTests.xctest; sourceTree = BUILT_PRODUCTS_DIR; };
		52018EF82A9648E30034C399 /* SimpleMVVMTests.swift */ = {isa = PBXFileReference; lastKnownFileType = sourcecode.swift; path = SimpleMVVMTests.swift; sourceTree = "<group>"; };
		52018EFE2A9648E30034C399 /* SimpleMVVMUITests.xctest */ = {isa = PBXFileReference; explicitFileType = wrapper.cfbundle; includeInIndex = 0; path = SimpleMVVMUITests.xctest; sourceTree = BUILT_PRODUCTS_DIR; };
		52018F022A9648E30034C399 /* SimpleMVVMUITests.swift */ = {isa = PBXFileReference; lastKnownFileType = sourcecode.swift; path = SimpleMVVMUITests.swift; sourceTree = "<group>"; };
		52018F042A9648E30034C399 /* SimpleMVVMUITestsLaunchTests.swift */ = {isa = PBXFileReference; lastKnownFileType = sourcecode.swift; path = SimpleMVVMUITestsLaunchTests.swift; sourceTree = "<group>"; };
		52018F112A9649410034C399 /* RegistrationView.swift */ = {isa = PBXFileReference; lastKnownFileType = sourcecode.swift; path = RegistrationView.swift; sourceTree = "<group>"; };
		52018F142A9649A70034C399 /* RegistrationAvatarView.swift */ = {isa = PBXFileReference; fileEncoding = 4; lastKnownFileType = sourcecode.swift; path = RegistrationAvatarView.swift; sourceTree = "<group>"; };
		52018F152A9649A70034C399 /* RegistrationInputView.swift */ = {isa = PBXFileReference; fileEncoding = 4; lastKnownFileType = sourcecode.swift; path = RegistrationInputView.swift; sourceTree = "<group>"; };
		52018F162A9649A70034C399 /* CornerRadiusModifier.swift */ = {isa = PBXFileReference; fileEncoding = 4; lastKnownFileType = sourcecode.swift; path = CornerRadiusModifier.swift; sourceTree = "<group>"; };
		52018F172A9649A70034C399 /* RegistrationSelectButton.swift */ = {isa = PBXFileReference; fileEncoding = 4; lastKnownFileType = sourcecode.swift; path = RegistrationSelectButton.swift; sourceTree = "<group>"; };
		52018F1D2A9649DA0034C399 /* UIColorWellExtension.swift */ = {isa = PBXFileReference; fileEncoding = 4; lastKnownFileType = sourcecode.swift; path = UIColorWellExtension.swift; sourceTree = "<group>"; };
		52018F202A9649FB0034C399 /* Mock.swift */ = {isa = PBXFileReference; fileEncoding = 4; lastKnownFileType = sourcecode.swift; path = Mock.swift; sourceTree = "<group>"; };
		52018F212A9649FB0034C399 /* APIManager.swift */ = {isa = PBXFileReference; fileEncoding = 4; lastKnownFileType = sourcecode.swift; path = APIManager.swift; sourceTree = "<group>"; };
		52018F242A9656630034C399 /* RegistrationViewModel.swift */ = {isa = PBXFileReference; lastKnownFileType = sourcecode.swift; path = RegistrationViewModel.swift; sourceTree = "<group>"; };
/* End PBXFileReference section */

/* Begin PBXFrameworksBuildPhase section */
		52018EDB2A9648DE0034C399 /* Frameworks */ = {
			isa = PBXFrameworksBuildPhase;
			buildActionMask = 2147483647;
			files = (
			);
			runOnlyForDeploymentPostprocessing = 0;
		};
		52018EF12A9648E30034C399 /* Frameworks */ = {
			isa = PBXFrameworksBuildPhase;
			buildActionMask = 2147483647;
			files = (
			);
			runOnlyForDeploymentPostprocessing = 0;
		};
		52018EFB2A9648E30034C399 /* Frameworks */ = {
			isa = PBXFrameworksBuildPhase;
			buildActionMask = 2147483647;
			files = (
			);
			runOnlyForDeploymentPostprocessing = 0;
		};
/* End PBXFrameworksBuildPhase section */

/* Begin PBXGroup section */
		52018ED52A9648DE0034C399 = {
			isa = PBXGroup;
			children = (
				52018EE02A9648DE0034C399 /* SimpleMVVM */,
				52018EF72A9648E30034C399 /* SimpleMVVMTests */,
				52018F012A9648E30034C399 /* SimpleMVVMUITests */,
				52018EDF2A9648DE0034C399 /* Products */,
			);
			sourceTree = "<group>";
		};
		52018EDF2A9648DE0034C399 /* Products */ = {
			isa = PBXGroup;
			children = (
				52018EDE2A9648DE0034C399 /* SimpleMVVM.app */,
				52018EF42A9648E30034C399 /* SimpleMVVMTests.xctest */,
				52018EFE2A9648E30034C399 /* SimpleMVVMUITests.xctest */,
			);
			name = Products;
			sourceTree = "<group>";
		};
		52018EE02A9648DE0034C399 /* SimpleMVVM */ = {
			isa = PBXGroup;
			children = (
				52018F1F2A9649FB0034C399 /* Network */,
				52018F1C2A9649DA0034C399 /* Extensions */,
				52018F132A96499C0034C399 /* Views */,
				52018EE12A9648DE0034C399 /* AppDelegate.swift */,
				52018EE32A9648DE0034C399 /* SceneDelegate.swift */,
				52018EE52A9648DE0034C399 /* ViewController.swift */,
				52018F242A9656630034C399 /* RegistrationViewModel.swift */,
				52018EE72A9648DE0034C399 /* Main.storyboard */,
				52018EEA2A9648E30034C399 /* Assets.xcassets */,
				52018EEC2A9648E30034C399 /* LaunchScreen.storyboard */,
				52018EEF2A9648E30034C399 /* Info.plist */,
			);
			path = SimpleMVVM;
			sourceTree = "<group>";
		};
		52018EF72A9648E30034C399 /* SimpleMVVMTests */ = {
			isa = PBXGroup;
			children = (
				52018EF82A9648E30034C399 /* SimpleMVVMTests.swift */,
			);
			path = SimpleMVVMTests;
			sourceTree = "<group>";
		};
		52018F012A9648E30034C399 /* SimpleMVVMUITests */ = {
			isa = PBXGroup;
			children = (
				52018F022A9648E30034C399 /* SimpleMVVMUITests.swift */,
				52018F042A9648E30034C399 /* SimpleMVVMUITestsLaunchTests.swift */,
			);
			path = SimpleMVVMUITests;
			sourceTree = "<group>";
		};
		52018F132A96499C0034C399 /* Views */ = {
			isa = PBXGroup;
			children = (
				52018F162A9649A70034C399 /* CornerRadiusModifier.swift */,
				52018F142A9649A70034C399 /* RegistrationAvatarView.swift */,
				52018F152A9649A70034C399 /* RegistrationInputView.swift */,
				52018F172A9649A70034C399 /* RegistrationSelectButton.swift */,
				52018F112A9649410034C399 /* RegistrationView.swift */,
			);
			path = Views;
			sourceTree = "<group>";
		};
		52018F1C2A9649DA0034C399 /* Extensions */ = {
			isa = PBXGroup;
			children = (
				52018F1D2A9649DA0034C399 /* UIColorWellExtension.swift */,
			);
			path = Extensions;
			sourceTree = "<group>";
		};
		52018F1F2A9649FB0034C399 /* Network */ = {
			isa = PBXGroup;
			children = (
				52018F212A9649FB0034C399 /* APIManager.swift */,
				52018F202A9649FB0034C399 /* Mock.swift */,
			);
			path = Network;
			sourceTree = "<group>";
		};
/* End PBXGroup section */

/* Begin PBXNativeTarget section */
		52018EDD2A9648DE0034C399 /* SimpleMVVM */ = {
			isa = PBXNativeTarget;
			buildConfigurationList = 52018F082A9648E30034C399 /* Build configuration list for PBXNativeTarget "SimpleMVVM" */;
			buildPhases = (
				52018EDA2A9648DE0034C399 /* Sources */,
				52018EDB2A9648DE0034C399 /* Frameworks */,
				52018EDC2A9648DE0034C399 /* Resources */,
			);
			buildRules = (
			);
			dependencies = (
			);
			name = SimpleMVVM;
			productName = SimpleMVVM;
			productReference = 52018EDE2A9648DE0034C399 /* SimpleMVVM.app */;
			productType = "com.apple.product-type.application";
		};
		52018EF32A9648E30034C399 /* SimpleMVVMTests */ = {
			isa = PBXNativeTarget;
			buildConfigurationList = 52018F0B2A9648E30034C399 /* Build configuration list for PBXNativeTarget "SimpleMVVMTests" */;
			buildPhases = (
				52018EF02A9648E30034C399 /* Sources */,
				52018EF12A9648E30034C399 /* Frameworks */,
				52018EF22A9648E30034C399 /* Resources */,
			);
			buildRules = (
			);
			dependencies = (
				52018EF62A9648E30034C399 /* PBXTargetDependency */,
			);
			name = SimpleMVVMTests;
			productName = SimpleMVVMTests;
			productReference = 52018EF42A9648E30034C399 /* SimpleMVVMTests.xctest */;
			productType = "com.apple.product-type.bundle.unit-test";
		};
		52018EFD2A9648E30034C399 /* SimpleMVVMUITests */ = {
			isa = PBXNativeTarget;
			buildConfigurationList = 52018F0E2A9648E30034C399 /* Build configuration list for PBXNativeTarget "SimpleMVVMUITests" */;
			buildPhases = (
				52018EFA2A9648E30034C399 /* Sources */,
				52018EFB2A9648E30034C399 /* Frameworks */,
				52018EFC2A9648E30034C399 /* Resources */,
			);
			buildRules = (
			);
			dependencies = (
				52018F002A9648E30034C399 /* PBXTargetDependency */,
			);
			name = SimpleMVVMUITests;
			productName = SimpleMVVMUITests;
			productReference = 52018EFE2A9648E30034C399 /* SimpleMVVMUITests.xctest */;
			productType = "com.apple.product-type.bundle.ui-testing";
		};
/* End PBXNativeTarget section */

/* Begin PBXProject section */
		52018ED62A9648DE0034C399 /* Project object */ = {
			isa = PBXProject;
			attributes = {
				BuildIndependentTargetsInParallel = 1;
				LastSwiftUpdateCheck = 1500;
				LastUpgradeCheck = 1500;
				TargetAttributes = {
					52018EDD2A9648DE0034C399 = {
						CreatedOnToolsVersion = 15.0;
					};
					52018EF32A9648E30034C399 = {
						CreatedOnToolsVersion = 15.0;
						TestTargetID = 52018EDD2A9648DE0034C399;
					};
					52018EFD2A9648E30034C399 = {
						CreatedOnToolsVersion = 15.0;
						TestTargetID = 52018EDD2A9648DE0034C399;
					};
				};
			};
			buildConfigurationList = 52018ED92A9648DE0034C399 /* Build configuration list for PBXProject "SimpleMVVM" */;
			compatibilityVersion = "Xcode 14.0";
			developmentRegion = en;
			hasScannedForEncodings = 0;
			knownRegions = (
				en,
				Base,
			);
			mainGroup = 52018ED52A9648DE0034C399;
			productRefGroup = 52018EDF2A9648DE0034C399 /* Products */;
			projectDirPath = "";
			projectRoot = "";
			targets = (
				52018EDD2A9648DE0034C399 /* SimpleMVVM */,
				52018EF32A9648E30034C399 /* SimpleMVVMTests */,
				52018EFD2A9648E30034C399 /* SimpleMVVMUITests */,
			);
		};
/* End PBXProject section */

/* Begin PBXResourcesBuildPhase section */
		52018EDC2A9648DE0034C399 /* Resources */ = {
			isa = PBXResourcesBuildPhase;
			buildActionMask = 2147483647;
			files = (
				52018EEE2A9648E30034C399 /* LaunchScreen.storyboard in Resources */,
				52018EEB2A9648E30034C399 /* Assets.xcassets in Resources */,
				52018EE92A9648DE0034C399 /* Main.storyboard in Resources */,
			);
			runOnlyForDeploymentPostprocessing = 0;
		};
		52018EF22A9648E30034C399 /* Resources */ = {
			isa = PBXResourcesBuildPhase;
			buildActionMask = 2147483647;
			files = (
			);
			runOnlyForDeploymentPostprocessing = 0;
		};
		52018EFC2A9648E30034C399 /* Resources */ = {
			isa = PBXResourcesBuildPhase;
			buildActionMask = 2147483647;
			files = (
			);
			runOnlyForDeploymentPostprocessing = 0;
		};
/* End PBXResourcesBuildPhase section */

/* Begin PBXSourcesBuildPhase section */
		52018EDA2A9648DE0034C399 /* Sources */ = {
			isa = PBXSourcesBuildPhase;
			buildActionMask = 2147483647;
			files = (
				52018F1B2A9649A70034C399 /* RegistrationSelectButton.swift in Sources */,
				52018F252A9656630034C399 /* RegistrationViewModel.swift in Sources */,
				52018F222A9649FC0034C399 /* Mock.swift in Sources */,
				52018F182A9649A70034C399 /* RegistrationAvatarView.swift in Sources */,
				52018EE62A9648DE0034C399 /* ViewController.swift in Sources */,
				52018F232A9649FC0034C399 /* APIManager.swift in Sources */,
				52018EE22A9648DE0034C399 /* AppDelegate.swift in Sources */,
				52018EE42A9648DE0034C399 /* SceneDelegate.swift in Sources */,
				52018F192A9649A70034C399 /* RegistrationInputView.swift in Sources */,
				52018F1E2A9649DA0034C399 /* UIColorWellExtension.swift in Sources */,
				52018F122A9649410034C399 /* RegistrationView.swift in Sources */,
				52018F1A2A9649A70034C399 /* CornerRadiusModifier.swift in Sources */,
			);
			runOnlyForDeploymentPostprocessing = 0;
		};
		52018EF02A9648E30034C399 /* Sources */ = {
			isa = PBXSourcesBuildPhase;
			buildActionMask = 2147483647;
			files = (
				52018EF92A9648E30034C399 /* SimpleMVVMTests.swift in Sources */,
			);
			runOnlyForDeploymentPostprocessing = 0;
		};
		52018EFA2A9648E30034C399 /* Sources */ = {
			isa = PBXSourcesBuildPhase;
			buildActionMask = 2147483647;
			files = (
				52018F052A9648E30034C399 /* SimpleMVVMUITestsLaunchTests.swift in Sources */,
				52018F032A9648E30034C399 /* SimpleMVVMUITests.swift in Sources */,
			);
			runOnlyForDeploymentPostprocessing = 0;
		};
/* End PBXSourcesBuildPhase section */

/* Begin PBXTargetDependency section */
		52018EF62A9648E30034C399 /* PBXTargetDependency */ = {
			isa = PBXTargetDependency;
			target = 52018EDD2A9648DE0034C399 /* SimpleMVVM */;
			targetProxy = 52018EF52A9648E30034C399 /* PBXContainerItemProxy */;
		};
		52018F002A9648E30034C399 /* PBXTargetDependency */ = {
			isa = PBXTargetDependency;
			target = 52018EDD2A9648DE0034C399 /* SimpleMVVM */;
			targetProxy = 52018EFF2A9648E30034C399 /* PBXContainerItemProxy */;
		};
/* End PBXTargetDependency section */

/* Begin PBXVariantGroup section */
		52018EE72A9648DE0034C399 /* Main.storyboard */ = {
			isa = PBXVariantGroup;
			children = (
				52018EE82A9648DE0034C399 /* Base */,
			);
			name = Main.storyboard;
			sourceTree = "<group>";
		};
		52018EEC2A9648E30034C399 /* LaunchScreen.storyboard */ = {
			isa = PBXVariantGroup;
			children = (
				52018EED2A9648E30034C399 /* Base */,
			);
			name = LaunchScreen.storyboard;
			sourceTree = "<group>";
		};
/* End PBXVariantGroup section */

/* Begin XCBuildConfiguration section */
		52018F062A9648E30034C399 /* Debug */ = {
			isa = XCBuildConfiguration;
			buildSettings = {
				ALWAYS_SEARCH_USER_PATHS = NO;
				ASSETCATALOG_COMPILER_GENERATE_SWIFT_ASSET_SYMBOL_EXTENSIONS = YES;
				CLANG_ANALYZER_NONNULL = YES;
				CLANG_ANALYZER_NUMBER_OBJECT_CONVERSION = YES_AGGRESSIVE;
				CLANG_CXX_LANGUAGE_STANDARD = "gnu++20";
				CLANG_ENABLE_MODULES = YES;
				CLANG_ENABLE_OBJC_ARC = YES;
				CLANG_ENABLE_OBJC_WEAK = YES;
				CLANG_WARN_BLOCK_CAPTURE_AUTORELEASING = YES;
				CLANG_WARN_BOOL_CONVERSION = YES;
				CLANG_WARN_COMMA = YES;
				CLANG_WARN_CONSTANT_CONVERSION = YES;
				CLANG_WARN_DEPRECATED_OBJC_IMPLEMENTATIONS = YES;
				CLANG_WARN_DIRECT_OBJC_ISA_USAGE = YES_ERROR;
				CLANG_WARN_DOCUMENTATION_COMMENTS = YES;
				CLANG_WARN_EMPTY_BODY = YES;
				CLANG_WARN_ENUM_CONVERSION = YES;
				CLANG_WARN_INFINITE_RECURSION = YES;
				CLANG_WARN_INT_CONVERSION = YES;
				CLANG_WARN_NON_LITERAL_NULL_CONVERSION = YES;
				CLANG_WARN_OBJC_IMPLICIT_RETAIN_SELF = YES;
				CLANG_WARN_OBJC_LITERAL_CONVERSION = YES;
				CLANG_WARN_OBJC_ROOT_CLASS = YES_ERROR;
				CLANG_WARN_QUOTED_INCLUDE_IN_FRAMEWORK_HEADER = YES;
				CLANG_WARN_RANGE_LOOP_ANALYSIS = YES;
				CLANG_WARN_STRICT_PROTOTYPES = YES;
				CLANG_WARN_SUSPICIOUS_MOVE = YES;
				CLANG_WARN_UNGUARDED_AVAILABILITY = YES_AGGRESSIVE;
				CLANG_WARN_UNREACHABLE_CODE = YES;
				CLANG_WARN__DUPLICATE_METHOD_MATCH = YES;
				COPY_PHASE_STRIP = NO;
				DEBUG_INFORMATION_FORMAT = dwarf;
				ENABLE_STRICT_OBJC_MSGSEND = YES;
				ENABLE_TESTABILITY = YES;
				ENABLE_USER_SCRIPT_SANDBOXING = YES;
				GCC_C_LANGUAGE_STANDARD = gnu17;
				GCC_DYNAMIC_NO_PIC = NO;
				GCC_NO_COMMON_BLOCKS = YES;
				GCC_OPTIMIZATION_LEVEL = 0;
				GCC_PREPROCESSOR_DEFINITIONS = (
					"DEBUG=1",
					"$(inherited)",
				);
				GCC_WARN_64_TO_32_BIT_CONVERSION = YES;
				GCC_WARN_ABOUT_RETURN_TYPE = YES_ERROR;
				GCC_WARN_UNDECLARED_SELECTOR = YES;
				GCC_WARN_UNINITIALIZED_AUTOS = YES_AGGRESSIVE;
				GCC_WARN_UNUSED_FUNCTION = YES;
				GCC_WARN_UNUSED_VARIABLE = YES;
				IPHONEOS_DEPLOYMENT_TARGET = 17.0;
				LOCALIZATION_PREFERS_STRING_CATALOGS = YES;
				MTL_ENABLE_DEBUG_INFO = INCLUDE_SOURCE;
				MTL_FAST_MATH = YES;
				ONLY_ACTIVE_ARCH = YES;
				SDKROOT = iphoneos;
				SWIFT_ACTIVE_COMPILATION_CONDITIONS = "DEBUG $(inherited)";
				SWIFT_OPTIMIZATION_LEVEL = "-Onone";
			};
			name = Debug;
		};
		52018F072A9648E30034C399 /* Release */ = {
			isa = XCBuildConfiguration;
			buildSettings = {
				ALWAYS_SEARCH_USER_PATHS = NO;
				ASSETCATALOG_COMPILER_GENERATE_SWIFT_ASSET_SYMBOL_EXTENSIONS = YES;
				CLANG_ANALYZER_NONNULL = YES;
				CLANG_ANALYZER_NUMBER_OBJECT_CONVERSION = YES_AGGRESSIVE;
				CLANG_CXX_LANGUAGE_STANDARD = "gnu++20";
				CLANG_ENABLE_MODULES = YES;
				CLANG_ENABLE_OBJC_ARC = YES;
				CLANG_ENABLE_OBJC_WEAK = YES;
				CLANG_WARN_BLOCK_CAPTURE_AUTORELEASING = YES;
				CLANG_WARN_BOOL_CONVERSION = YES;
				CLANG_WARN_COMMA = YES;
				CLANG_WARN_CONSTANT_CONVERSION = YES;
				CLANG_WARN_DEPRECATED_OBJC_IMPLEMENTATIONS = YES;
				CLANG_WARN_DIRECT_OBJC_ISA_USAGE = YES_ERROR;
				CLANG_WARN_DOCUMENTATION_COMMENTS = YES;
				CLANG_WARN_EMPTY_BODY = YES;
				CLANG_WARN_ENUM_CONVERSION = YES;
				CLANG_WARN_INFINITE_RECURSION = YES;
				CLANG_WARN_INT_CONVERSION = YES;
				CLANG_WARN_NON_LITERAL_NULL_CONVERSION = YES;
				CLANG_WARN_OBJC_IMPLICIT_RETAIN_SELF = YES;
				CLANG_WARN_OBJC_LITERAL_CONVERSION = YES;
				CLANG_WARN_OBJC_ROOT_CLASS = YES_ERROR;
				CLANG_WARN_QUOTED_INCLUDE_IN_FRAMEWORK_HEADER = YES;
				CLANG_WARN_RANGE_LOOP_ANALYSIS = YES;
				CLANG_WARN_STRICT_PROTOTYPES = YES;
				CLANG_WARN_SUSPICIOUS_MOVE = YES;
				CLANG_WARN_UNGUARDED_AVAILABILITY = YES_AGGRESSIVE;
				CLANG_WARN_UNREACHABLE_CODE = YES;
				CLANG_WARN__DUPLICATE_METHOD_MATCH = YES;
				COPY_PHASE_STRIP = NO;
				DEBUG_INFORMATION_FORMAT = "dwarf-with-dsym";
				ENABLE_NS_ASSERTIONS = NO;
				ENABLE_STRICT_OBJC_MSGSEND = YES;
				ENABLE_USER_SCRIPT_SANDBOXING = YES;
				GCC_C_LANGUAGE_STANDARD = gnu17;
				GCC_NO_COMMON_BLOCKS = YES;
				GCC_WARN_64_TO_32_BIT_CONVERSION = YES;
				GCC_WARN_ABOUT_RETURN_TYPE = YES_ERROR;
				GCC_WARN_UNDECLARED_SELECTOR = YES;
				GCC_WARN_UNINITIALIZED_AUTOS = YES_AGGRESSIVE;
				GCC_WARN_UNUSED_FUNCTION = YES;
				GCC_WARN_UNUSED_VARIABLE = YES;
				IPHONEOS_DEPLOYMENT_TARGET = 17.0;
				LOCALIZATION_PREFERS_STRING_CATALOGS = YES;
				MTL_ENABLE_DEBUG_INFO = NO;
				MTL_FAST_MATH = YES;
				SDKROOT = iphoneos;
				SWIFT_COMPILATION_MODE = wholemodule;
				VALIDATE_PRODUCT = YES;
			};
			name = Release;
		};
		52018F092A9648E30034C399 /* Debug */ = {
			isa = XCBuildConfiguration;
			buildSettings = {
				ASSETCATALOG_COMPILER_APPICON_NAME = AppIcon;
				ASSETCATALOG_COMPILER_GLOBAL_ACCENT_COLOR_NAME = AccentColor;
				CODE_SIGN_STYLE = Automatic;
				CURRENT_PROJECT_VERSION = 1;
				GENERATE_INFOPLIST_FILE = YES;
				INFOPLIST_FILE = SimpleMVVM/Info.plist;
				INFOPLIST_KEY_UIApplicationSupportsIndirectInputEvents = YES;
				INFOPLIST_KEY_UILaunchStoryboardName = LaunchScreen;
				INFOPLIST_KEY_UIMainStoryboardFile = Main;
				INFOPLIST_KEY_UISupportedInterfaceOrientations_iPad = "UIInterfaceOrientationPortrait UIInterfaceOrientationPortraitUpsideDown UIInterfaceOrientationLandscapeLeft UIInterfaceOrientationLandscapeRight";
				INFOPLIST_KEY_UISupportedInterfaceOrientations_iPhone = "UIInterfaceOrientationPortrait UIInterfaceOrientationLandscapeLeft UIInterfaceOrientationLandscapeRight";
				IPHONEOS_DEPLOYMENT_TARGET = 17.0;
				LD_RUNPATH_SEARCH_PATHS = (
					"$(inherited)",
					"@executable_path/Frameworks",
				);
				MARKETING_VERSION = 1.0;
				PRODUCT_BUNDLE_IDENTIFIER = douking.SimpleMVVM;
				PRODUCT_NAME = "$(TARGET_NAME)";
				SWIFT_EMIT_LOC_STRINGS = YES;
				SWIFT_VERSION = 5.0;
				TARGETED_DEVICE_FAMILY = "1,2";
			};
			name = Debug;
		};
		52018F0A2A9648E30034C399 /* Release */ = {
			isa = XCBuildConfiguration;
			buildSettings = {
				ASSETCATALOG_COMPILER_APPICON_NAME = AppIcon;
				ASSETCATALOG_COMPILER_GLOBAL_ACCENT_COLOR_NAME = AccentColor;
				CODE_SIGN_STYLE = Automatic;
				CURRENT_PROJECT_VERSION = 1;
				GENERATE_INFOPLIST_FILE = YES;
				INFOPLIST_FILE = SimpleMVVM/Info.plist;
				INFOPLIST_KEY_UIApplicationSupportsIndirectInputEvents = YES;
				INFOPLIST_KEY_UILaunchStoryboardName = LaunchScreen;
				INFOPLIST_KEY_UIMainStoryboardFile = Main;
				INFOPLIST_KEY_UISupportedInterfaceOrientations_iPad = "UIInterfaceOrientationPortrait UIInterfaceOrientationPortraitUpsideDown UIInterfaceOrientationLandscapeLeft UIInterfaceOrientationLandscapeRight";
				INFOPLIST_KEY_UISupportedInterfaceOrientations_iPhone = "UIInterfaceOrientationPortrait UIInterfaceOrientationLandscapeLeft UIInterfaceOrientationLandscapeRight";
				IPHONEOS_DEPLOYMENT_TARGET = 17.0;
				LD_RUNPATH_SEARCH_PATHS = (
					"$(inherited)",
					"@executable_path/Frameworks",
				);
				MARKETING_VERSION = 1.0;
				PRODUCT_BUNDLE_IDENTIFIER = douking.SimpleMVVM;
				PRODUCT_NAME = "$(TARGET_NAME)";
				SWIFT_EMIT_LOC_STRINGS = YES;
				SWIFT_VERSION = 5.0;
				TARGETED_DEVICE_FAMILY = "1,2";
			};
			name = Release;
		};
		52018F0C2A9648E30034C399 /* Debug */ = {
			isa = XCBuildConfiguration;
			buildSettings = {
				ALWAYS_EMBED_SWIFT_STANDARD_LIBRARIES = YES;
				BUNDLE_LOADER = "$(TEST_HOST)";
				CODE_SIGN_STYLE = Automatic;
				CURRENT_PROJECT_VERSION = 1;
				GENERATE_INFOPLIST_FILE = YES;
				IPHONEOS_DEPLOYMENT_TARGET = 17.0;
				MARKETING_VERSION = 1.0;
				PRODUCT_BUNDLE_IDENTIFIER = douking.SimpleMVVMTests;
				PRODUCT_NAME = "$(TARGET_NAME)";
				SWIFT_EMIT_LOC_STRINGS = NO;
				SWIFT_VERSION = 5.0;
				TARGETED_DEVICE_FAMILY = "1,2";
				TEST_HOST = "$(BUILT_PRODUCTS_DIR)/SimpleMVVM.app/$(BUNDLE_EXECUTABLE_FOLDER_PATH)/SimpleMVVM";
			};
			name = Debug;
		};
		52018F0D2A9648E30034C399 /* Release */ = {
			isa = XCBuildConfiguration;
			buildSettings = {
				ALWAYS_EMBED_SWIFT_STANDARD_LIBRARIES = YES;
				BUNDLE_LOADER = "$(TEST_HOST)";
				CODE_SIGN_STYLE = Automatic;
				CURRENT_PROJECT_VERSION = 1;
				GENERATE_INFOPLIST_FILE = YES;
				IPHONEOS_DEPLOYMENT_TARGET = 17.0;
				MARKETING_VERSION = 1.0;
				PRODUCT_BUNDLE_IDENTIFIER = douking.SimpleMVVMTests;
				PRODUCT_NAME = "$(TARGET_NAME)";
				SWIFT_EMIT_LOC_STRINGS = NO;
				SWIFT_VERSION = 5.0;
				TARGETED_DEVICE_FAMILY = "1,2";
				TEST_HOST = "$(BUILT_PRODUCTS_DIR)/SimpleMVVM.app/$(BUNDLE_EXECUTABLE_FOLDER_PATH)/SimpleMVVM";
			};
			name = Release;
		};
		52018F0F2A9648E30034C399 /* Debug */ = {
			isa = XCBuildConfiguration;
			buildSettings = {
				ALWAYS_EMBED_SWIFT_STANDARD_LIBRARIES = YES;
				CODE_SIGN_STYLE = Automatic;
				CURRENT_PROJECT_VERSION = 1;
				GENERATE_INFOPLIST_FILE = YES;
				MARKETING_VERSION = 1.0;
				PRODUCT_BUNDLE_IDENTIFIER = douking.SimpleMVVMUITests;
				PRODUCT_NAME = "$(TARGET_NAME)";
				SWIFT_EMIT_LOC_STRINGS = NO;
				SWIFT_VERSION = 5.0;
				TARGETED_DEVICE_FAMILY = "1,2";
				TEST_TARGET_NAME = SimpleMVVM;
			};
			name = Debug;
		};
		52018F102A9648E30034C399 /* Release */ = {
			isa = XCBuildConfiguration;
			buildSettings = {
				ALWAYS_EMBED_SWIFT_STANDARD_LIBRARIES = YES;
				CODE_SIGN_STYLE = Automatic;
				CURRENT_PROJECT_VERSION = 1;
				GENERATE_INFOPLIST_FILE = YES;
				MARKETING_VERSION = 1.0;
				PRODUCT_BUNDLE_IDENTIFIER = douking.SimpleMVVMUITests;
				PRODUCT_NAME = "$(TARGET_NAME)";
				SWIFT_EMIT_LOC_STRINGS = NO;
				SWIFT_VERSION = 5.0;
				TARGETED_DEVICE_FAMILY = "1,2";
				TEST_TARGET_NAME = SimpleMVVM;
			};
			name = Release;
		};
/* End XCBuildConfiguration section */

/* Begin XCConfigurationList section */
		52018ED92A9648DE0034C399 /* Build configuration list for PBXProject "SimpleMVVM" */ = {
			isa = XCConfigurationList;
			buildConfigurations = (
				52018F062A9648E30034C399 /* Debug */,
				52018F072A9648E30034C399 /* Release */,
			);
			defaultConfigurationIsVisible = 0;
			defaultConfigurationName = Release;
		};
		52018F082A9648E30034C399 /* Build configuration list for PBXNativeTarget "SimpleMVVM" */ = {
			isa = XCConfigurationList;
			buildConfigurations = (
				52018F092A9648E30034C399 /* Debug */,
				52018F0A2A9648E30034C399 /* Release */,
			);
			defaultConfigurationIsVisible = 0;
			defaultConfigurationName = Release;
		};
		52018F0B2A9648E30034C399 /* Build configuration list for PBXNativeTarget "SimpleMVVMTests" */ = {
			isa = XCConfigurationList;
			buildConfigurations = (
				52018F0C2A9648E30034C399 /* Debug */,
				52018F0D2A9648E30034C399 /* Release */,
			);
			defaultConfigurationIsVisible = 0;
			defaultConfigurationName = Release;
		};
		52018F0E2A9648E30034C399 /* Build configuration list for PBXNativeTarget "SimpleMVVMUITests" */ = {
			isa = XCConfigurationList;
			buildConfigurations = (
				52018F0F2A9648E30034C399 /* Debug */,
				52018F102A9648E30034C399 /* Release */,
			);
			defaultConfigurationIsVisible = 0;
			defaultConfigurationName = Release;
		};
/* End XCConfigurationList section */
	};
	rootObject = 52018ED62A9648DE0034C399 /* Project object */;
}
